
Microsoft Visual Studio Solution File, Format Version 11.00
# Visual Studio 2010
Project("{FAE04EC0-301F-11D3-BF4B-00C04F79EFBC}") = "Assembly-CSharp", "Assembly-CSharp.csproj", "{b883ccaa-685f-9f14-9378-1606a05b82cf}"
EndProject
Project("{FAE04EC0-301F-11D3-BF4B-00C04F79EFBC}") = "Assembly-CSharp-Editor", "Assembly-CSharp-Editor.csproj", "{c51413da-7c73-e4be-b4bb-c3633a63c03b}"
EndProject
Global
	GlobalSection(SolutionConfigurationPlatforms) = preSolution
		Debug|Any CPU = Debug|Any CPU
	EndGlobalSection
	GlobalSection(ProjectConfigurationPlatforms) = postSolution
		{b883ccaa-685f-9f14-9378-1606a05b82cf}.Debug|Any CPU.ActiveCfg = Debug|Any CPU
		{b883ccaa-685f-9f14-9378-1606a05b82cf}.Debug|Any CPU.Build.0 = Debug|Any CPU
		{c51413da-7c73-e4be-b4bb-c3633a63c03b}.Debug|Any CPU.ActiveCfg = Debug|Any CPU
		{c51413da-7c73-e4be-b4bb-c3633a63c03b}.Debug|Any CPU.Build.0 = Debug|Any CPU
	EndGlobalSection
	GlobalSection(SolutionProperties) = preSolution
		HideSolutionNode = FALSE
	EndGlobalSection
EndGlobal
