
Microsoft Visual Studio Solution File, Format Version 11.00
# Visual Studio 2010
Project("{FAE04EC0-301F-11D3-BF4B-00C04F79EFBC}") = "UnityEngine.UI", "UnityEngine.UI.csproj", "{b7dfcac1-72c6-f421-cbc0-343d4704eb1e}"
EndProject
Project("{FAE04EC0-301F-11D3-BF4B-00C04F79EFBC}") = "UnityEngine.TestRunner", "UnityEngine.TestRunner.csproj", "{1ce5de5b-aeb5-18a7-0193-7e9cf867fc95}"
EndProject
Project("{FAE04EC0-301F-11D3-BF4B-00C04F79EFBC}") = "Assembly-CSharp", "Assembly-CSharp.csproj", "{fc9b2ac2-dc6b-538e-6e8c-f3c538f15ac4}"
EndProject
Project("{FAE04EC0-301F-11D3-BF4B-00C04F79EFBC}") = "Unity.Timeline", "Unity.Timeline.csproj", "{f733a2bd-6cba-ba22-ee48-b46a4fe612de}"
EndProject
Project("{FAE04EC0-301F-11D3-BF4B-00C04F79EFBC}") = "Unity.TextMeshPro", "Unity.TextMeshPro.csproj", "{212705e3-7da1-baeb-1676-5f6ca3757d08}"
EndProject
Project("{FAE04EC0-301F-11D3-BF4B-00C04F79EFBC}") = "UnityEditor.TestRunner", "UnityEditor.TestRunner.csproj", "{610e1740-2092-3135-87a7-eecfc3ead7f8}"
EndProject
Project("{FAE04EC0-301F-11D3-BF4B-00C04F79EFBC}") = "Unity.PlasticSCM.Editor", "Unity.PlasticSCM.Editor.csproj", "{053f1531-197b-c007-397b-1b6b48d61966}"
EndProject
Project("{FAE04EC0-301F-11D3-BF4B-00C04F79EFBC}") = "UnityEditor.UI", "UnityEditor.UI.csproj", "{47ffd1d9-ac09-707d-189b-6db2f67b56fb}"
EndProject
Project("{FAE04EC0-301F-11D3-BF4B-00C04F79EFBC}") = "Unity.Services.Core.Editor", "Unity.Services.Core.Editor.csproj", "{59704eb4-7f86-a931-423d-d3efbfa7dfa2}"
EndProject
Project("{FAE04EC0-301F-11D3-BF4B-00C04F79EFBC}") = "Unity.Timeline.Editor", "Unity.Timeline.Editor.csproj", "{0384661c-590f-4f87-9963-4dc7c149deb1}"
EndProject
Project("{FAE04EC0-301F-11D3-BF4B-00C04F79EFBC}") = "Unity.VisualStudio.Editor", "Unity.VisualStudio.Editor.csproj", "{095b91e1-84e5-d746-0fc6-ca903ac49b07}"
EndProject
Project("{FAE04EC0-301F-11D3-BF4B-00C04F79EFBC}") = "Unity.TextMeshPro.Editor", "Unity.TextMeshPro.Editor.csproj", "{beaf6de1-3d6c-a9bd-c2f3-8996c71673d4}"
EndProject
Project("{FAE04EC0-301F-11D3-BF4B-00C04F79EFBC}") = "Unity.CollabProxy.Editor", "Unity.CollabProxy.Editor.csproj", "{32cdd951-3fe5-262b-0acb-d05570592d03}"
EndProject
Project("{FAE04EC0-301F-11D3-BF4B-00C04F79EFBC}") = "Unity.Rider.Editor", "Unity.Rider.Editor.csproj", "{adbf7e47-fc1e-3a4d-1c56-37397c8b6a60}"
EndProject
Project("{FAE04EC0-301F-11D3-BF4B-00C04F79EFBC}") = "Unity.VSCode.Editor", "Unity.VSCode.Editor.csproj", "{9160aee0-a9fd-f4a8-58a1-ecc92a433867}"
EndProject
Global
	GlobalSection(SolutionConfigurationPlatforms) = preSolution
		Debug|Any CPU = Debug|Any CPU
	EndGlobalSection
	GlobalSection(ProjectConfigurationPlatforms) = postSolution
		{b7dfcac1-72c6-f421-cbc0-343d4704eb1e}.Debug|Any CPU.ActiveCfg = Debug|Any CPU
		{b7dfcac1-72c6-f421-cbc0-343d4704eb1e}.Debug|Any CPU.Build.0 = Debug|Any CPU
		{1ce5de5b-aeb5-18a7-0193-7e9cf867fc95}.Debug|Any CPU.ActiveCfg = Debug|Any CPU
		{1ce5de5b-aeb5-18a7-0193-7e9cf867fc95}.Debug|Any CPU.Build.0 = Debug|Any CPU
		{fc9b2ac2-dc6b-538e-6e8c-f3c538f15ac4}.Debug|Any CPU.ActiveCfg = Debug|Any CPU
		{fc9b2ac2-dc6b-538e-6e8c-f3c538f15ac4}.Debug|Any CPU.Build.0 = Debug|Any CPU
		{f733a2bd-6cba-ba22-ee48-b46a4fe612de}.Debug|Any CPU.ActiveCfg = Debug|Any CPU
		{f733a2bd-6cba-ba22-ee48-b46a4fe612de}.Debug|Any CPU.Build.0 = Debug|Any CPU
		{212705e3-7da1-baeb-1676-5f6ca3757d08}.Debug|Any CPU.ActiveCfg = Debug|Any CPU
		{212705e3-7da1-baeb-1676-5f6ca3757d08}.Debug|Any CPU.Build.0 = Debug|Any CPU
		{610e1740-2092-3135-87a7-eecfc3ead7f8}.Debug|Any CPU.ActiveCfg = Debug|Any CPU
		{610e1740-2092-3135-87a7-eecfc3ead7f8}.Debug|Any CPU.Build.0 = Debug|Any CPU
		{053f1531-197b-c007-397b-1b6b48d61966}.Debug|Any CPU.ActiveCfg = Debug|Any CPU
		{053f1531-197b-c007-397b-1b6b48d61966}.Debug|Any CPU.Build.0 = Debug|Any CPU
		{47ffd1d9-ac09-707d-189b-6db2f67b56fb}.Debug|Any CPU.ActiveCfg = Debug|Any CPU
		{47ffd1d9-ac09-707d-189b-6db2f67b56fb}.Debug|Any CPU.Build.0 = Debug|Any CPU
		{59704eb4-7f86-a931-423d-d3efbfa7dfa2}.Debug|Any CPU.ActiveCfg = Debug|Any CPU
		{59704eb4-7f86-a931-423d-d3efbfa7dfa2}.Debug|Any CPU.Build.0 = Debug|Any CPU
		{0384661c-590f-4f87-9963-4dc7c149deb1}.Debug|Any CPU.ActiveCfg = Debug|Any CPU
		{0384661c-590f-4f87-9963-4dc7c149deb1}.Debug|Any CPU.Build.0 = Debug|Any CPU
		{095b91e1-84e5-d746-0fc6-ca903ac49b07}.Debug|Any CPU.ActiveCfg = Debug|Any CPU
		{095b91e1-84e5-d746-0fc6-ca903ac49b07}.Debug|Any CPU.Build.0 = Debug|Any CPU
		{beaf6de1-3d6c-a9bd-c2f3-8996c71673d4}.Debug|Any CPU.ActiveCfg = Debug|Any CPU
		{beaf6de1-3d6c-a9bd-c2f3-8996c71673d4}.Debug|Any CPU.Build.0 = Debug|Any CPU
		{32cdd951-3fe5-262b-0acb-d05570592d03}.Debug|Any CPU.ActiveCfg = Debug|Any CPU
		{32cdd951-3fe5-262b-0acb-d05570592d03}.Debug|Any CPU.Build.0 = Debug|Any CPU
		{adbf7e47-fc1e-3a4d-1c56-37397c8b6a60}.Debug|Any CPU.ActiveCfg = Debug|Any CPU
		{adbf7e47-fc1e-3a4d-1c56-37397c8b6a60}.Debug|Any CPU.Build.0 = Debug|Any CPU
		{9160aee0-a9fd-f4a8-58a1-ecc92a433867}.Debug|Any CPU.ActiveCfg = Debug|Any CPU
		{9160aee0-a9fd-f4a8-58a1-ecc92a433867}.Debug|Any CPU.Build.0 = Debug|Any CPU
	EndGlobalSection
	GlobalSection(SolutionProperties) = preSolution
		HideSolutionNode = FALSE
	EndGlobalSection
EndGlobal
